
Microsoft Visual Studio Solution File, Format Version 12.00
# Visual Studio Version 17
VisualStudioVersion = 17.0.32014.148
MinimumVisualStudioVersion = 10.0.40219.1
Project("{9A19103F-16F7-4668-BE54-9A1E7A4F7556}") = "Dashboard.API", "Dashboard.API\Dashboard.API.csproj", "{06AB8AC2-6537-4454-A0A3-94194B4A9D4F}"
	ProjectSection(ProjectDependencies) = postProject
		{B3792839-6F99-4811-959B-1FCB50FFBA25} = {B3792839-6F99-4811-959B-1FCB50FFBA25}
		{4FEBF49C-B52C-4478-B3A9-6845A1AC31E6} = {4FEBF49C-B52C-4478-B3A9-6845A1AC31E6}
	EndProjectSection
EndProject
Project("{9A19103F-16F7-4668-BE54-9A1E7A4F7556}") = "Dashboard.Data", "Dashboard.Data\Dashboard.Data.csproj", "{4FEBF49C-B52C-4478-B3A9-6845A1AC31E6}"
EndProject
Project("{9A19103F-16F7-4668-BE54-9A1E7A4F7556}") = "Dashboard.Services", "Dashboard.Services\Dashboard.Services.csproj", "{B3792839-6F99-4811-959B-1FCB50FFBA25}"
	ProjectSection(ProjectDependencies) = postProject
		{4FEBF49C-B52C-4478-B3A9-6845A1AC31E6} = {4FEBF49C-B52C-4478-B3A9-6845A1AC31E6}
	EndProjectSection
EndProject
Global
	GlobalSection(SolutionConfigurationPlatforms) = preSolution
		Debug|Any CPU = Debug|Any CPU
		Release|Any CPU = Release|Any CPU
	EndGlobalSection
	GlobalSection(ProjectConfigurationPlatforms) = postSolution
		{06AB8AC2-6537-4454-A0A3-94194B4A9D4F}.Debug|Any CPU.ActiveCfg = Debug|Any CPU
		{06AB8AC2-6537-4454-A0A3-94194B4A9D4F}.Debug|Any CPU.Build.0 = Debug|Any CPU
		{06AB8AC2-6537-4454-A0A3-94194B4A9D4F}.Release|Any CPU.ActiveCfg = Release|Any CPU
		{06AB8AC2-6537-4454-A0A3-94194B4A9D4F}.Release|Any CPU.Build.0 = Release|Any CPU
		{4FEBF49C-B52C-4478-B3A9-6845A1AC31E6}.Debug|Any CPU.ActiveCfg = Debug|Any CPU
		{4FEBF49C-B52C-4478-B3A9-6845A1AC31E6}.Debug|Any CPU.Build.0 = Debug|Any CPU
		{4FEBF49C-B52C-4478-B3A9-6845A1AC31E6}.Release|Any CPU.ActiveCfg = Release|Any CPU
		{4FEBF49C-B52C-4478-B3A9-6845A1AC31E6}.Release|Any CPU.Build.0 = Release|Any CPU
		{B3792839-6F99-4811-959B-1FCB50FFBA25}.Debug|Any CPU.ActiveCfg = Debug|Any CPU
		{B3792839-6F99-4811-959B-1FCB50FFBA25}.Debug|Any CPU.Build.0 = Debug|Any CPU
		{B3792839-6F99-4811-959B-1FCB50FFBA25}.Release|Any CPU.ActiveCfg = Release|Any CPU
		{B3792839-6F99-4811-959B-1FCB50FFBA25}.Release|Any CPU.Build.0 = Release|Any CPU
	EndGlobalSection
	GlobalSection(SolutionProperties) = preSolution
		HideSolutionNode = FALSE
	EndGlobalSection
	GlobalSection(ExtensibilityGlobals) = postSolution
		SolutionGuid = {6D51CAD5-33D9-4AD7-BA48-4612563C1262}
	EndGlobalSection
EndGlobal
